
Microsoft Visual Studio Solution File, Format Version 12.00
# Visual Studio 15
VisualStudioVersion = 15.0.27703.2035
MinimumVisualStudioVersion = 10.0.40219.1
Project("{2150E333-8FDC-42A3-9474-1A3956D46DE8}") = "FrontEnd", "FrontEnd", "{AFA54B07-336D-4979-A2A3-D3ED35FD7774}"
EndProject
Project("{2150E333-8FDC-42A3-9474-1A3956D46DE8}") = "BackEnd", "BackEnd", "{55E25427-FC63-4340-94EF-75B7D6C11380}"
EndProject
Project("{9A19103F-16F7-4668-BE54-9A1E7A4F7556}") = "WebApp", "WebApp\WebApp.csproj", "{58B36D44-2AEA-40AE-88A9-9CD1D46D9416}"
EndProject
Project("{E53339B2-1760-4266-BCC7-CA923CBCF16C}") = "docker-compose", "docker-compose.dcproj", "{BF854A4D-49D4-4A13-BDF2-67F32CC7332C}"
EndProject
Project("{FAE04EC0-301F-11D3-BF4B-00C04F79EFBC}") = "CodeGenerate", "CodeGenerate\CodeGenerate.csproj", "{1B83FA04-24CD-4AC3-B284-3514BFFD0B6B}"
EndProject
Project("{9A19103F-16F7-4668-BE54-9A1E7A4F7556}") = "Infrastructure", "Infrastructure\Infrastructure.csproj", "{2FAE03E6-1B23-455F-930C-7F0F984521BD}"
EndProject
Project("{9A19103F-16F7-4668-BE54-9A1E7A4F7556}") = "IService", "IService\IService.csproj", "{9C44CCFA-D749-4F24-8AF3-7C7445423F8D}"
EndProject
Project("{9A19103F-16F7-4668-BE54-9A1E7A4F7556}") = "Models", "Models\Models.csproj", "{97F4AC59-8374-4678-AD74-BC3602F7C14D}"
EndProject
Project("{9A19103F-16F7-4668-BE54-9A1E7A4F7556}") = "Service", "Service\Service.csproj", "{FBA7DF13-B398-4DEC-8742-E7EFD77FA6D1}"
EndProject
Project("{FAE04EC0-301F-11D3-BF4B-00C04F79EFBC}") = "Utilities", "Utilities\Utilities.csproj", "{2CB47BF9-32D7-4B0E-9909-8175F9A69388}"
EndProject
Project("{9A19103F-16F7-4668-BE54-9A1E7A4F7556}") = "WebApi", "WebApi\WebApi.csproj", "{BE937723-BE05-420E-9BAA-AC0492D1E2BA}"
EndProject
Global
	GlobalSection(SolutionConfigurationPlatforms) = preSolution
		Debug|Any CPU = Debug|Any CPU
		Release|Any CPU = Release|Any CPU
	EndGlobalSection
	GlobalSection(ProjectConfigurationPlatforms) = postSolution
		{58B36D44-2AEA-40AE-88A9-9CD1D46D9416}.Debug|Any CPU.ActiveCfg = Debug|Any CPU
		{58B36D44-2AEA-40AE-88A9-9CD1D46D9416}.Debug|Any CPU.Build.0 = Debug|Any CPU
		{58B36D44-2AEA-40AE-88A9-9CD1D46D9416}.Release|Any CPU.ActiveCfg = Release|Any CPU
		{58B36D44-2AEA-40AE-88A9-9CD1D46D9416}.Release|Any CPU.Build.0 = Release|Any CPU
		{BF854A4D-49D4-4A13-BDF2-67F32CC7332C}.Debug|Any CPU.ActiveCfg = Debug|Any CPU
		{BF854A4D-49D4-4A13-BDF2-67F32CC7332C}.Debug|Any CPU.Build.0 = Debug|Any CPU
		{BF854A4D-49D4-4A13-BDF2-67F32CC7332C}.Release|Any CPU.ActiveCfg = Release|Any CPU
		{BF854A4D-49D4-4A13-BDF2-67F32CC7332C}.Release|Any CPU.Build.0 = Release|Any CPU
		{1B83FA04-24CD-4AC3-B284-3514BFFD0B6B}.Debug|Any CPU.ActiveCfg = Debug|Any CPU
		{1B83FA04-24CD-4AC3-B284-3514BFFD0B6B}.Debug|Any CPU.Build.0 = Debug|Any CPU
		{1B83FA04-24CD-4AC3-B284-3514BFFD0B6B}.Release|Any CPU.ActiveCfg = Release|Any CPU
		{1B83FA04-24CD-4AC3-B284-3514BFFD0B6B}.Release|Any CPU.Build.0 = Release|Any CPU
		{2FAE03E6-1B23-455F-930C-7F0F984521BD}.Debug|Any CPU.ActiveCfg = Debug|Any CPU
		{2FAE03E6-1B23-455F-930C-7F0F984521BD}.Debug|Any CPU.Build.0 = Debug|Any CPU
		{2FAE03E6-1B23-455F-930C-7F0F984521BD}.Release|Any CPU.ActiveCfg = Release|Any CPU
		{2FAE03E6-1B23-455F-930C-7F0F984521BD}.Release|Any CPU.Build.0 = Release|Any CPU
		{9C44CCFA-D749-4F24-8AF3-7C7445423F8D}.Debug|Any CPU.ActiveCfg = Debug|Any CPU
		{9C44CCFA-D749-4F24-8AF3-7C7445423F8D}.Debug|Any CPU.Build.0 = Debug|Any CPU
		{9C44CCFA-D749-4F24-8AF3-7C7445423F8D}.Release|Any CPU.ActiveCfg = Release|Any CPU
		{9C44CCFA-D749-4F24-8AF3-7C7445423F8D}.Release|Any CPU.Build.0 = Release|Any CPU
		{97F4AC59-8374-4678-AD74-BC3602F7C14D}.Debug|Any CPU.ActiveCfg = Debug|Any CPU
		{97F4AC59-8374-4678-AD74-BC3602F7C14D}.Debug|Any CPU.Build.0 = Debug|Any CPU
		{97F4AC59-8374-4678-AD74-BC3602F7C14D}.Release|Any CPU.ActiveCfg = Release|Any CPU
		{97F4AC59-8374-4678-AD74-BC3602F7C14D}.Release|Any CPU.Build.0 = Release|Any CPU
		{FBA7DF13-B398-4DEC-8742-E7EFD77FA6D1}.Debug|Any CPU.ActiveCfg = Debug|Any CPU
		{FBA7DF13-B398-4DEC-8742-E7EFD77FA6D1}.Debug|Any CPU.Build.0 = Debug|Any CPU
		{FBA7DF13-B398-4DEC-8742-E7EFD77FA6D1}.Release|Any CPU.ActiveCfg = Release|Any CPU
		{FBA7DF13-B398-4DEC-8742-E7EFD77FA6D1}.Release|Any CPU.Build.0 = Release|Any CPU
		{2CB47BF9-32D7-4B0E-9909-8175F9A69388}.Debug|Any CPU.ActiveCfg = Debug|Any CPU
		{2CB47BF9-32D7-4B0E-9909-8175F9A69388}.Debug|Any CPU.Build.0 = Debug|Any CPU
		{2CB47BF9-32D7-4B0E-9909-8175F9A69388}.Release|Any CPU.ActiveCfg = Release|Any CPU
		{2CB47BF9-32D7-4B0E-9909-8175F9A69388}.Release|Any CPU.Build.0 = Release|Any CPU
		{BE937723-BE05-420E-9BAA-AC0492D1E2BA}.Debug|Any CPU.ActiveCfg = Debug|Any CPU
		{BE937723-BE05-420E-9BAA-AC0492D1E2BA}.Debug|Any CPU.Build.0 = Debug|Any CPU
		{BE937723-BE05-420E-9BAA-AC0492D1E2BA}.Release|Any CPU.ActiveCfg = Release|Any CPU
		{BE937723-BE05-420E-9BAA-AC0492D1E2BA}.Release|Any CPU.Build.0 = Release|Any CPU
	EndGlobalSection
	GlobalSection(SolutionProperties) = preSolution
		HideSolutionNode = FALSE
	EndGlobalSection
	GlobalSection(NestedProjects) = preSolution
		{58B36D44-2AEA-40AE-88A9-9CD1D46D9416} = {AFA54B07-336D-4979-A2A3-D3ED35FD7774}
		{1B83FA04-24CD-4AC3-B284-3514BFFD0B6B} = {55E25427-FC63-4340-94EF-75B7D6C11380}
		{2FAE03E6-1B23-455F-930C-7F0F984521BD} = {55E25427-FC63-4340-94EF-75B7D6C11380}
		{9C44CCFA-D749-4F24-8AF3-7C7445423F8D} = {55E25427-FC63-4340-94EF-75B7D6C11380}
		{97F4AC59-8374-4678-AD74-BC3602F7C14D} = {55E25427-FC63-4340-94EF-75B7D6C11380}
		{FBA7DF13-B398-4DEC-8742-E7EFD77FA6D1} = {55E25427-FC63-4340-94EF-75B7D6C11380}
		{2CB47BF9-32D7-4B0E-9909-8175F9A69388} = {55E25427-FC63-4340-94EF-75B7D6C11380}
		{BE937723-BE05-420E-9BAA-AC0492D1E2BA} = {55E25427-FC63-4340-94EF-75B7D6C11380}
	EndGlobalSection
	GlobalSection(ExtensibilityGlobals) = postSolution
		SolutionGuid = {C6C7A71B-B77B-425E-B71A-763BEC9F16F8}
	EndGlobalSection
EndGlobal
